
Microsoft Visual Studio Solution File, Format Version 12.00
# Visual Studio Express 2013 for Windows Desktop
VisualStudioVersion = 12.0.40629.0
MinimumVisualStudioVersion = 10.0.40219.1
Project("{FAE04EC0-301F-11D3-BF4B-00C04F79EFBC}") = "ExHScrollBar", "ExHScrollBar\ExHScrollBar.csproj", "{802E9B02-62B0-4F92-9F87-9240953DD119}"
EndProject
Project("{FAE04EC0-301F-11D3-BF4B-00C04F79EFBC}") = "ExCoresRGB", "ExCoresRGB\ExCoresRGB.csproj", "{921B73E3-38D9-4FB8-810B-F42D5A95F0B0}"
EndProject
Project("{FAE04EC0-301F-11D3-BF4B-00C04F79EFBC}") = "exProgressBar", "exProgressBar\exProgressBar.csproj", "{484600F5-CCE8-491E-9A63-D487006AF1C1}"
EndProject
Global
	GlobalSection(SolutionConfigurationPlatforms) = preSolution
		Debug|Any CPU = Debug|Any CPU
		Release|Any CPU = Release|Any CPU
	EndGlobalSection
	GlobalSection(ProjectConfigurationPlatforms) = postSolution
		{802E9B02-62B0-4F92-9F87-9240953DD119}.Debug|Any CPU.ActiveCfg = Debug|Any CPU
		{802E9B02-62B0-4F92-9F87-9240953DD119}.Debug|Any CPU.Build.0 = Debug|Any CPU
		{802E9B02-62B0-4F92-9F87-9240953DD119}.Release|Any CPU.ActiveCfg = Release|Any CPU
		{802E9B02-62B0-4F92-9F87-9240953DD119}.Release|Any CPU.Build.0 = Release|Any CPU
		{921B73E3-38D9-4FB8-810B-F42D5A95F0B0}.Debug|Any CPU.ActiveCfg = Debug|Any CPU
		{921B73E3-38D9-4FB8-810B-F42D5A95F0B0}.Debug|Any CPU.Build.0 = Debug|Any CPU
		{921B73E3-38D9-4FB8-810B-F42D5A95F0B0}.Release|Any CPU.ActiveCfg = Release|Any CPU
		{921B73E3-38D9-4FB8-810B-F42D5A95F0B0}.Release|Any CPU.Build.0 = Release|Any CPU
		{484600F5-CCE8-491E-9A63-D487006AF1C1}.Debug|Any CPU.ActiveCfg = Debug|Any CPU
		{484600F5-CCE8-491E-9A63-D487006AF1C1}.Debug|Any CPU.Build.0 = Debug|Any CPU
		{484600F5-CCE8-491E-9A63-D487006AF1C1}.Release|Any CPU.ActiveCfg = Release|Any CPU
		{484600F5-CCE8-491E-9A63-D487006AF1C1}.Release|Any CPU.Build.0 = Release|Any CPU
	EndGlobalSection
	GlobalSection(SolutionProperties) = preSolution
		HideSolutionNode = FALSE
	EndGlobalSection
EndGlobal
